PODS:
  - FMDB (2.7.5):
    - FMDB/standard (= 2.7.5)
  - FMDB/standard (2.7.5)
  - SDAutoLayout (2.2.1)
  - SVProgressHUD (2.2.5)
  - SXAlertView (2.2)

DEPENDENCIES:
  - FMDB
  - SDAutoLayout
  - SVProgressHUD
  - SXAlertView

SPEC REPOS:
  trunk:
    - FMDB
    - SDAutoLayout
    - SVProgressHUD
    - SXAlertView

SPEC CHECKSUMS:
  FMDB: 2ce00b547f966261cd18927a3ddb07cb6f3db82a
  SDAutoLayout: 8bf6b3bbc8b01f775d4defbb4fda2ace805461be
  SVProgressHUD: 1428aafac632c1f86f62aa4243ec12008d7a51d6
  SXAlertView: de20ffbd3c63df4bece9bc344d209682d1919137

PODFILE CHECKSUM: 4ae350f13f1567796fccef511706991ae0c3880e

COCOAPODS: 1.10.1
