PODS:
  - FMDB (2.7.5):
    - FMDB/standard (= 2.7.5)
  - FMDB/standard (2.7.5)
  - SDAutoLayout (2.2.1)

DEPENDENCIES:
  - FMDB
  - SDAutoLayout

SPEC REPOS:
  trunk:
    - FMDB
    - SDAutoLayout

SPEC CHECKSUMS:
  FMDB: 2ce00b547f966261cd18927a3ddb07cb6f3db82a
  SDAutoLayout: 8bf6b3bbc8b01f775d4defbb4fda2ace805461be

PODFILE CHECKSUM: 619aadbbcbd7aae1504db17229577a8ba136280e

COCOAPODS: 1.10.1
