// !$*UTF8*$!
{
	archiveVersion = 1;
	classes = {
	};
	objectVersion = 51;
	objects = {

/* Begin PBXBuildFile section */
		11E86C93AAE3BEE62496F504 /* Pods_MiuCalculatorProTests.framework in Frameworks */ = {isa = PBXBuildFile; fileRef = F2EEF1266801CC842EDB4C26 /* Pods_MiuCalculatorProTests.framework */; };
		7905074BEAB2E3DCDCFB5428 /* Pods_MiuCalculatorPro.framework in Frameworks */ = {isa = PBXBuildFile; fileRef = 0CBEF0B21AEB91AB07510653 /* Pods_MiuCalculatorPro.framework */; };
		9B34341ABD84EC5C95FC0682 /* Pods_MiuCalculatorPro_MiuCalculatorProUITests.framework in Frameworks */ = {isa = PBXBuildFile; fileRef = 369C61B9FF2DE3D6C321523C /* Pods_MiuCalculatorPro_MiuCalculatorProUITests.framework */; };
		AB86CD5A260EE0B6009D46B6 /* Main.storyboard in Resources */ = {isa = PBXBuildFile; fileRef = AB86CD58260EE0B6009D46B6 /* Main.storyboard */; };
		AB86CD5C260EE0B8009D46B6 /* Assets.xcassets in Resources */ = {isa = PBXBuildFile; fileRef = AB86CD5B260EE0B8009D46B6 /* Assets.xcassets */; };
		AB86CD5F260EE0B8009D46B6 /* LaunchScreen.storyboard in Resources */ = {isa = PBXBuildFile; fileRef = AB86CD5D260EE0B8009D46B6 /* LaunchScreen.storyboard */; };
		AB86CD62260EE0B8009D46B6 /* main.m in Sources */ = {isa = PBXBuildFile; fileRef = AB86CD61260EE0B8009D46B6 /* main.m */; };
		AB86CD6C260EE0B9009D46B6 /* MiuCalculatorProTests.m in Sources */ = {isa = PBXBuildFile; fileRef = AB86CD6B260EE0B9009D46B6 /* MiuCalculatorProTests.m */; };
		AB86CD77260EE0B9009D46B6 /* MiuCalculatorProUITests.m in Sources */ = {isa = PBXBuildFile; fileRef = AB86CD76260EE0B9009D46B6 /* MiuCalculatorProUITests.m */; };
		AB86CD9A26116909009D46B6 /* ViewController.m in Sources */ = {isa = PBXBuildFile; fileRef = AB86CD9426116909009D46B6 /* ViewController.m */; };
		AB86CD9B26116909009D46B6 /* SceneDelegate.m in Sources */ = {isa = PBXBuildFile; fileRef = AB86CD9526116909009D46B6 /* SceneDelegate.m */; };
		AB86CD9C26116909009D46B6 /* AppDelegate.m in Sources */ = {isa = PBXBuildFile; fileRef = AB86CD9626116909009D46B6 /* AppDelegate.m */; };
		AB86CDB426116D8C009D46B6 /* MCAnimationManager.m in Sources */ = {isa = PBXBuildFile; fileRef = AB86CDB326116D8C009D46B6 /* MCAnimationManager.m */; };
		AB86CDC3261178D0009D46B6 /* MCCalculatorManager.m in Sources */ = {isa = PBXBuildFile; fileRef = AB86CDC2261178D0009D46B6 /* MCCalculatorManager.m */; };
		AB86CDC9261179CC009D46B6 /* NSDate+MCdate.m in Sources */ = {isa = PBXBuildFile; fileRef = AB86CDC8261179CC009D46B6 /* NSDate+MCdate.m */; };
		AB86CDD226117A9B009D46B6 /* MCStack.m in Sources */ = {isa = PBXBuildFile; fileRef = AB86CDD126117A9B009D46B6 /* MCStack.m */; };
		AB86CDD826117B3A009D46B6 /* MCCalculatorObject.m in Sources */ = {isa = PBXBuildFile; fileRef = AB86CDD726117B3A009D46B6 /* MCCalculatorObject.m */; };
		AB86CDEE26117D4E009D46B6 /* MCBaseViewController.m in Sources */ = {isa = PBXBuildFile; fileRef = AB86CDED26117D4E009D46B6 /* MCBaseViewController.m */; };
		AB86CDF426117D6E009D46B6 /* MCNavigationController.m in Sources */ = {isa = PBXBuildFile; fileRef = AB86CDF326117D6E009D46B6 /* MCNavigationController.m */; };
		AB86CDFA26117D84009D46B6 /* MCHomeViewController.m in Sources */ = {isa = PBXBuildFile; fileRef = AB86CDF926117D84009D46B6 /* MCHomeViewController.m */; };
		AB86CE0326117F47009D46B6 /* UIImage+MCColorImage.m in Sources */ = {isa = PBXBuildFile; fileRef = AB86CE0226117F47009D46B6 /* UIImage+MCColorImage.m */; };
		AB86CE0926117FEB009D46B6 /* MCHomeCollectionViewCell.m in Sources */ = {isa = PBXBuildFile; fileRef = AB86CE0826117FEB009D46B6 /* MCHomeCollectionViewCell.m */; };
		AB86CE0F261180A5009D46B6 /* MCSettingViewController.m in Sources */ = {isa = PBXBuildFile; fileRef = AB86CE0E261180A5009D46B6 /* MCSettingViewController.m */; };
		AB86CE15261180C1009D46B6 /* MCHSView.m in Sources */ = {isa = PBXBuildFile; fileRef = AB86CE14261180C1009D46B6 /* MCHSView.m */; };
/* End PBXBuildFile section */

/* Begin PBXContainerItemProxy section */
		AB86CD68260EE0B9009D46B6 /* PBXContainerItemProxy */ = {
			isa = PBXContainerItemProxy;
			containerPortal = AB86CD44260EE0B6009D46B6 /* Project object */;
			proxyType = 1;
			remoteGlobalIDString = AB86CD4B260EE0B6009D46B6;
			remoteInfo = MiuCalculatorPro;
		};
		AB86CD73260EE0B9009D46B6 /* PBXContainerItemProxy */ = {
			isa = PBXContainerItemProxy;
			containerPortal = AB86CD44260EE0B6009D46B6 /* Project object */;
			proxyType = 1;
			remoteGlobalIDString = AB86CD4B260EE0B6009D46B6;
			remoteInfo = MiuCalculatorPro;
		};
/* End PBXContainerItemProxy section */

/* Begin PBXFileReference section */
		0BA587152D6E8147204E5473 /* Pods-MiuCalculatorPro-MiuCalculatorProUITests.debug.xcconfig */ = {isa = PBXFileReference; includeInIndex = 1; lastKnownFileType = text.xcconfig; name = "Pods-MiuCalculatorPro-MiuCalculatorProUITests.debug.xcconfig"; path = "Target Support Files/Pods-MiuCalculatorPro-MiuCalculatorProUITests/Pods-MiuCalculatorPro-MiuCalculatorProUITests.debug.xcconfig"; sourceTree = "<group>"; };
		0CBEF0B21AEB91AB07510653 /* Pods_MiuCalculatorPro.framework */ = {isa = PBXFileReference; explicitFileType = wrapper.framework; includeInIndex = 0; path = Pods_MiuCalculatorPro.framework; sourceTree = BUILT_PRODUCTS_DIR; };
		1F63C3B53BDA1167C9411B49 /* Pods-MiuCalculatorPro.debug.xcconfig */ = {isa = PBXFileReference; includeInIndex = 1; lastKnownFileType = text.xcconfig; name = "Pods-MiuCalculatorPro.debug.xcconfig"; path = "Target Support Files/Pods-MiuCalculatorPro/Pods-MiuCalculatorPro.debug.xcconfig"; sourceTree = "<group>"; };
		369C61B9FF2DE3D6C321523C /* Pods_MiuCalculatorPro_MiuCalculatorProUITests.framework */ = {isa = PBXFileReference; explicitFileType = wrapper.framework; includeInIndex = 0; path = Pods_MiuCalculatorPro_MiuCalculatorProUITests.framework; sourceTree = BUILT_PRODUCTS_DIR; };
		5734BB63E43579DA1BF915AD /* Pods-MiuCalculatorPro-MiuCalculatorProUITests.release.xcconfig */ = {isa = PBXFileReference; includeInIndex = 1; lastKnownFileType = text.xcconfig; name = "Pods-MiuCalculatorPro-MiuCalculatorProUITests.release.xcconfig"; path = "Target Support Files/Pods-MiuCalculatorPro-MiuCalculatorProUITests/Pods-MiuCalculatorPro-MiuCalculatorProUITests.release.xcconfig"; sourceTree = "<group>"; };
		5D3FBE2FB3C69851888B5AD3 /* Pods-MiuCalculatorProTests.release.xcconfig */ = {isa = PBXFileReference; includeInIndex = 1; lastKnownFileType = text.xcconfig; name = "Pods-MiuCalculatorProTests.release.xcconfig"; path = "Target Support Files/Pods-MiuCalculatorProTests/Pods-MiuCalculatorProTests.release.xcconfig"; sourceTree = "<group>"; };
		787CF7A25D538DC56B64A6D2 /* Pods-MiuCalculatorPro.release.xcconfig */ = {isa = PBXFileReference; includeInIndex = 1; lastKnownFileType = text.xcconfig; name = "Pods-MiuCalculatorPro.release.xcconfig"; path = "Target Support Files/Pods-MiuCalculatorPro/Pods-MiuCalculatorPro.release.xcconfig"; sourceTree = "<group>"; };
		AB86CD4C260EE0B6009D46B6 /* MiuCalculatorPro.app */ = {isa = PBXFileReference; explicitFileType = wrapper.application; includeInIndex = 0; path = MiuCalculatorPro.app; sourceTree = BUILT_PRODUCTS_DIR; };
		AB86CD59260EE0B6009D46B6 /* Base */ = {isa = PBXFileReference; lastKnownFileType = file.storyboard; name = Base; path = Base.lproj/Main.storyboard; sourceTree = "<group>"; };
		AB86CD5B260EE0B8009D46B6 /* Assets.xcassets */ = {isa = PBXFileReference; lastKnownFileType = folder.assetcatalog; path = Assets.xcassets; sourceTree = "<group>"; };
		AB86CD5E260EE0B8009D46B6 /* Base */ = {isa = PBXFileReference; lastKnownFileType = file.storyboard; name = Base; path = Base.lproj/LaunchScreen.storyboard; sourceTree = "<group>"; };
		AB86CD60260EE0B8009D46B6 /* Info.plist */ = {isa = PBXFileReference; lastKnownFileType = text.plist.xml; path = Info.plist; sourceTree = "<group>"; };
		AB86CD61260EE0B8009D46B6 /* main.m */ = {isa = PBXFileReference; lastKnownFileType = sourcecode.c.objc; path = main.m; sourceTree = "<group>"; };
		AB86CD67260EE0B9009D46B6 /* MiuCalculatorProTests.xctest */ = {isa = PBXFileReference; explicitFileType = wrapper.cfbundle; includeInIndex = 0; path = MiuCalculatorProTests.xctest; sourceTree = BUILT_PRODUCTS_DIR; };
		AB86CD6B260EE0B9009D46B6 /* MiuCalculatorProTests.m */ = {isa = PBXFileReference; lastKnownFileType = sourcecode.c.objc; path = MiuCalculatorProTests.m; sourceTree = "<group>"; };
		AB86CD6D260EE0B9009D46B6 /* Info.plist */ = {isa = PBXFileReference; lastKnownFileType = text.plist.xml; path = Info.plist; sourceTree = "<group>"; };
		AB86CD72260EE0B9009D46B6 /* MiuCalculatorProUITests.xctest */ = {isa = PBXFileReference; explicitFileType = wrapper.cfbundle; includeInIndex = 0; path = MiuCalculatorProUITests.xctest; sourceTree = BUILT_PRODUCTS_DIR; };
		AB86CD76260EE0B9009D46B6 /* MiuCalculatorProUITests.m */ = {isa = PBXFileReference; lastKnownFileType = sourcecode.c.objc; path = MiuCalculatorProUITests.m; sourceTree = "<group>"; };
		AB86CD78260EE0B9009D46B6 /* Info.plist */ = {isa = PBXFileReference; lastKnownFileType = text.plist.xml; path = Info.plist; sourceTree = "<group>"; };
		AB86CD9326116909009D46B6 /* AppDelegate.h */ = {isa = PBXFileReference; fileEncoding = 4; lastKnownFileType = sourcecode.c.h; path = AppDelegate.h; sourceTree = "<group>"; };
		AB86CD9426116909009D46B6 /* ViewController.m */ = {isa = PBXFileReference; fileEncoding = 4; lastKnownFileType = sourcecode.c.objc; path = ViewController.m; sourceTree = "<group>"; };
		AB86CD9526116909009D46B6 /* SceneDelegate.m */ = {isa = PBXFileReference; fileEncoding = 4; lastKnownFileType = sourcecode.c.objc; path = SceneDelegate.m; sourceTree = "<group>"; };
		AB86CD9626116909009D46B6 /* AppDelegate.m */ = {isa = PBXFileReference; fileEncoding = 4; lastKnownFileType = sourcecode.c.objc; path = AppDelegate.m; sourceTree = "<group>"; };
		AB86CD9726116909009D46B6 /* ViewController.h */ = {isa = PBXFileReference; fileEncoding = 4; lastKnownFileType = sourcecode.c.h; path = ViewController.h; sourceTree = "<group>"; };
		AB86CD9826116909009D46B6 /* SceneDelegate.h */ = {isa = PBXFileReference; fileEncoding = 4; lastKnownFileType = sourcecode.c.h; path = SceneDelegate.h; sourceTree = "<group>"; };
		AB86CDAB261169D4009D46B6 /* PrefixHeader.pch */ = {isa = PBXFileReference; lastKnownFileType = sourcecode.c.h; path = PrefixHeader.pch; sourceTree = "<group>"; };
		AB86CDB226116D8C009D46B6 /* MCAnimationManager.h */ = {isa = PBXFileReference; lastKnownFileType = sourcecode.c.h; path = MCAnimationManager.h; sourceTree = "<group>"; };
		AB86CDB326116D8C009D46B6 /* MCAnimationManager.m */ = {isa = PBXFileReference; lastKnownFileType = sourcecode.c.objc; path = MCAnimationManager.m; sourceTree = "<group>"; };
		AB86CDC1261178D0009D46B6 /* MCCalculatorManager.h */ = {isa = PBXFileReference; lastKnownFileType = sourcecode.c.h; path = MCCalculatorManager.h; sourceTree = "<group>"; };
		AB86CDC2261178D0009D46B6 /* MCCalculatorManager.m */ = {isa = PBXFileReference; lastKnownFileType = sourcecode.c.objc; path = MCCalculatorManager.m; sourceTree = "<group>"; };
		AB86CDC7261179CC009D46B6 /* NSDate+MCdate.h */ = {isa = PBXFileReference; lastKnownFileType = sourcecode.c.h; path = "NSDate+MCdate.h"; sourceTree = "<group>"; };
		AB86CDC8261179CC009D46B6 /* NSDate+MCdate.m */ = {isa = PBXFileReference; lastKnownFileType = sourcecode.c.objc; path = "NSDate+MCdate.m"; sourceTree = "<group>"; };
		AB86CDD026117A9B009D46B6 /* MCStack.h */ = {isa = PBXFileReference; lastKnownFileType = sourcecode.c.h; path = MCStack.h; sourceTree = "<group>"; };
		AB86CDD126117A9B009D46B6 /* MCStack.m */ = {isa = PBXFileReference; lastKnownFileType = sourcecode.c.objc; path = MCStack.m; sourceTree = "<group>"; };
		AB86CDD626117B3A009D46B6 /* MCCalculatorObject.h */ = {isa = PBXFileReference; lastKnownFileType = sourcecode.c.h; path = MCCalculatorObject.h; sourceTree = "<group>"; };
		AB86CDD726117B3A009D46B6 /* MCCalculatorObject.m */ = {isa = PBXFileReference; lastKnownFileType = sourcecode.c.objc; path = MCCalculatorObject.m; sourceTree = "<group>"; };
		AB86CDEC26117D4E009D46B6 /* MCBaseViewController.h */ = {isa = PBXFileReference; lastKnownFileType = sourcecode.c.h; path = MCBaseViewController.h; sourceTree = "<group>"; };
		AB86CDED26117D4E009D46B6 /* MCBaseViewController.m */ = {isa = PBXFileReference; lastKnownFileType = sourcecode.c.objc; path = MCBaseViewController.m; sourceTree = "<group>"; };
		AB86CDF226117D6E009D46B6 /* MCNavigationController.h */ = {isa = PBXFileReference; lastKnownFileType = sourcecode.c.h; path = MCNavigationController.h; sourceTree = "<group>"; };
		AB86CDF326117D6E009D46B6 /* MCNavigationController.m */ = {isa = PBXFileReference; lastKnownFileType = sourcecode.c.objc; path = MCNavigationController.m; sourceTree = "<group>"; };
		AB86CDF826117D84009D46B6 /* MCHomeViewController.h */ = {isa = PBXFileReference; lastKnownFileType = sourcecode.c.h; path = MCHomeViewController.h; sourceTree = "<group>"; };
		AB86CDF926117D84009D46B6 /* MCHomeViewController.m */ = {isa = PBXFileReference; lastKnownFileType = sourcecode.c.objc; path = MCHomeViewController.m; sourceTree = "<group>"; };
		AB86CE0126117F47009D46B6 /* UIImage+MCColorImage.h */ = {isa = PBXFileReference; lastKnownFileType = sourcecode.c.h; path = "UIImage+MCColorImage.h"; sourceTree = "<group>"; };
		AB86CE0226117F47009D46B6 /* UIImage+MCColorImage.m */ = {isa = PBXFileReference; lastKnownFileType = sourcecode.c.objc; path = "UIImage+MCColorImage.m"; sourceTree = "<group>"; };
		AB86CE0726117FEB009D46B6 /* MCHomeCollectionViewCell.h */ = {isa = PBXFileReference; lastKnownFileType = sourcecode.c.h; path = MCHomeCollectionViewCell.h; sourceTree = "<group>"; };
		AB86CE0826117FEB009D46B6 /* MCHomeCollectionViewCell.m */ = {isa = PBXFileReference; lastKnownFileType = sourcecode.c.objc; path = MCHomeCollectionViewCell.m; sourceTree = "<group>"; };
		AB86CE0D261180A5009D46B6 /* MCSettingViewController.h */ = {isa = PBXFileReference; lastKnownFileType = sourcecode.c.h; path = MCSettingViewController.h; sourceTree = "<group>"; };
		AB86CE0E261180A5009D46B6 /* MCSettingViewController.m */ = {isa = PBXFileReference; lastKnownFileType = sourcecode.c.objc; path = MCSettingViewController.m; sourceTree = "<group>"; };
		AB86CE13261180C1009D46B6 /* MCHSView.h */ = {isa = PBXFileReference; lastKnownFileType = sourcecode.c.h; path = MCHSView.h; sourceTree = "<group>"; };
		AB86CE14261180C1009D46B6 /* MCHSView.m */ = {isa = PBXFileReference; lastKnownFileType = sourcecode.c.objc; path = MCHSView.m; sourceTree = "<group>"; };
		C09A28EDDBABB42294EFAB75 /* Pods-MiuCalculatorProTests.debug.xcconfig */ = {isa = PBXFileReference; includeInIndex = 1; lastKnownFileType = text.xcconfig; name = "Pods-MiuCalculatorProTests.debug.xcconfig"; path = "Target Support Files/Pods-MiuCalculatorProTests/Pods-MiuCalculatorProTests.debug.xcconfig"; sourceTree = "<group>"; };
		F2EEF1266801CC842EDB4C26 /* Pods_MiuCalculatorProTests.framework */ = {isa = PBXFileReference; explicitFileType = wrapper.framework; includeInIndex = 0; path = Pods_MiuCalculatorProTests.framework; sourceTree = BUILT_PRODUCTS_DIR; };
/* End PBXFileReference section */

/* Begin PBXFrameworksBuildPhase section */
		AB86CD49260EE0B6009D46B6 /* Frameworks */ = {
			isa = PBXFrameworksBuildPhase;
			buildActionMask = 2147483647;
			files = (
				7905074BEAB2E3DCDCFB5428 /* Pods_MiuCalculatorPro.framework in Frameworks */,
			);
			runOnlyForDeploymentPostprocessing = 0;
		};
		AB86CD64260EE0B9009D46B6 /* Frameworks */ = {
			isa = PBXFrameworksBuildPhase;
			buildActionMask = 2147483647;
			files = (
				11E86C93AAE3BEE62496F504 /* Pods_MiuCalculatorProTests.framework in Frameworks */,
			);
			runOnlyForDeploymentPostprocessing = 0;
		};
		AB86CD6F260EE0B9009D46B6 /* Frameworks */ = {
			isa = PBXFrameworksBuildPhase;
			buildActionMask = 2147483647;
			files = (
				9B34341ABD84EC5C95FC0682 /* Pods_MiuCalculatorPro_MiuCalculatorProUITests.framework in Frameworks */,
			);
			runOnlyForDeploymentPostprocessing = 0;
		};
/* End PBXFrameworksBuildPhase section */

/* Begin PBXGroup section */
		6CC6D9222553570410DBB1EF /* Pods */ = {
			isa = PBXGroup;
			children = (
				1F63C3B53BDA1167C9411B49 /* Pods-MiuCalculatorPro.debug.xcconfig */,
				787CF7A25D538DC56B64A6D2 /* Pods-MiuCalculatorPro.release.xcconfig */,
				0BA587152D6E8147204E5473 /* Pods-MiuCalculatorPro-MiuCalculatorProUITests.debug.xcconfig */,
				5734BB63E43579DA1BF915AD /* Pods-MiuCalculatorPro-MiuCalculatorProUITests.release.xcconfig */,
				C09A28EDDBABB42294EFAB75 /* Pods-MiuCalculatorProTests.debug.xcconfig */,
				5D3FBE2FB3C69851888B5AD3 /* Pods-MiuCalculatorProTests.release.xcconfig */,
			);
			path = Pods;
			sourceTree = "<group>";
		};
		A94797C5B10083A09A673A05 /* Frameworks */ = {
			isa = PBXGroup;
			children = (
				0CBEF0B21AEB91AB07510653 /* Pods_MiuCalculatorPro.framework */,
				369C61B9FF2DE3D6C321523C /* Pods_MiuCalculatorPro_MiuCalculatorProUITests.framework */,
				F2EEF1266801CC842EDB4C26 /* Pods_MiuCalculatorProTests.framework */,
			);
			name = Frameworks;
			sourceTree = "<group>";
		};
		AB86CD43260EE0B6009D46B6 = {
			isa = PBXGroup;
			children = (
				AB86CD4E260EE0B6009D46B6 /* MiuCalculatorPro */,
				AB86CD6A260EE0B9009D46B6 /* MiuCalculatorProTests */,
				AB86CD75260EE0B9009D46B6 /* MiuCalculatorProUITests */,
				AB86CD4D260EE0B6009D46B6 /* Products */,
				6CC6D9222553570410DBB1EF /* Pods */,
				A94797C5B10083A09A673A05 /* Frameworks */,
			);
			sourceTree = "<group>";
		};
		AB86CD4D260EE0B6009D46B6 /* Products */ = {
			isa = PBXGroup;
			children = (
				AB86CD4C260EE0B6009D46B6 /* MiuCalculatorPro.app */,
				AB86CD67260EE0B9009D46B6 /* MiuCalculatorProTests.xctest */,
				AB86CD72260EE0B9009D46B6 /* MiuCalculatorProUITests.xctest */,
			);
			name = Products;
			sourceTree = "<group>";
		};
		AB86CD4E260EE0B6009D46B6 /* MiuCalculatorPro */ = {
			isa = PBXGroup;
			children = (
				AB86CD9226116909009D46B6 /* BaseVC */,
				AB86CD9926116909009D46B6 /* MainClass */,
				AB86CD9126116909009D46B6 /* Helper */,
				AB86CD9026116909009D46B6 /* Tools */,
				AB86CD8F26116909009D46B6 /* other */,
				AB86CD60260EE0B8009D46B6 /* Info.plist */,
			);
			path = MiuCalculatorPro;
			sourceTree = "<group>";
		};
		AB86CD6A260EE0B9009D46B6 /* MiuCalculatorProTests */ = {
			isa = PBXGroup;
			children = (
				AB86CD6B260EE0B9009D46B6 /* MiuCalculatorProTests.m */,
				AB86CD6D260EE0B9009D46B6 /* Info.plist */,
			);
			path = MiuCalculatorProTests;
			sourceTree = "<group>";
		};
		AB86CD75260EE0B9009D46B6 /* MiuCalculatorProUITests */ = {
			isa = PBXGroup;
			children = (
				AB86CD76260EE0B9009D46B6 /* MiuCalculatorProUITests.m */,
				AB86CD78260EE0B9009D46B6 /* Info.plist */,
			);
			path = MiuCalculatorProUITests;
			sourceTree = "<group>";
		};
		AB86CD8F26116909009D46B6 /* other */ = {
			isa = PBXGroup;
			children = (
				AB86CD58260EE0B6009D46B6 /* Main.storyboard */,
				AB86CD5B260EE0B8009D46B6 /* Assets.xcassets */,
				AB86CD5D260EE0B8009D46B6 /* LaunchScreen.storyboard */,
				AB86CD61260EE0B8009D46B6 /* main.m */,
				AB86CDAB261169D4009D46B6 /* PrefixHeader.pch */,
			);
			path = other;
			sourceTree = "<group>";
		};
		AB86CD9026116909009D46B6 /* Tools */ = {
			isa = PBXGroup;
			children = (
				AB86CDB026116D27009D46B6 /* animation */,
				AB86CDAF26116D27009D46B6 /* MCCategory */,
				AB86CDB126116D27009D46B6 /* MCTool */,
				AB86CE0126117F47009D46B6 /* UIImage+MCColorImage.h */,
				AB86CE0226117F47009D46B6 /* UIImage+MCColorImage.m */,
			);
			path = Tools;
			sourceTree = "<group>";
		};
		AB86CD9126116909009D46B6 /* Helper */ = {
			isa = PBXGroup;
			children = (
				AB86CDC7261179CC009D46B6 /* NSDate+MCdate.h */,
				AB86CDC8261179CC009D46B6 /* NSDate+MCdate.m */,
			);
			path = Helper;
			sourceTree = "<group>";
		};
		AB86CD9226116909009D46B6 /* BaseVC */ = {
			isa = PBXGroup;
			children = (
				AB86CD9326116909009D46B6 /* AppDelegate.h */,
				AB86CD9426116909009D46B6 /* ViewController.m */,
				AB86CD9826116909009D46B6 /* SceneDelegate.h */,
				AB86CD9526116909009D46B6 /* SceneDelegate.m */,
				AB86CD9626116909009D46B6 /* AppDelegate.m */,
				AB86CD9726116909009D46B6 /* ViewController.h */,
				AB86CDDF26117D28009D46B6 /* BaseVC */,
			);
			path = BaseVC;
			sourceTree = "<group>";
		};
		AB86CD9926116909009D46B6 /* MainClass */ = {
			isa = PBXGroup;
			children = (
				AB86CDDE26117CB6009D46B6 /* MCHomeMode */,
				AB86CDDD26117CB6009D46B6 /* MCHistoryMode */,
				AB86CDDC26117CB6009D46B6 /* MCSettingMode */,
			);
			path = MainClass;
			sourceTree = "<group>";
		};
		AB86CDAF26116D27009D46B6 /* MCCategory */ = {
			isa = PBXGroup;
			children = (
			);
			path = MCCategory;
			sourceTree = "<group>";
		};
		AB86CDB026116D27009D46B6 /* animation */ = {
			isa = PBXGroup;
			children = (
				AB86CDB226116D8C009D46B6 /* MCAnimationManager.h */,
				AB86CDB326116D8C009D46B6 /* MCAnimationManager.m */,
			);
			path = animation;
			sourceTree = "<group>";
		};
		AB86CDB126116D27009D46B6 /* MCTool */ = {
			isa = PBXGroup;
			children = (
				AB86CDC1261178D0009D46B6 /* MCCalculatorManager.h */,
				AB86CDC2261178D0009D46B6 /* MCCalculatorManager.m */,
				AB86CDD026117A9B009D46B6 /* MCStack.h */,
				AB86CDD126117A9B009D46B6 /* MCStack.m */,
				AB86CDD626117B3A009D46B6 /* MCCalculatorObject.h */,
				AB86CDD726117B3A009D46B6 /* MCCalculatorObject.m */,
			);
			path = MCTool;
			sourceTree = "<group>";
		};
		AB86CDDC26117CB6009D46B6 /* MCSettingMode */ = {
			isa = PBXGroup;
			children = (
				AB86CE0D261180A5009D46B6 /* MCSettingViewController.h */,
				AB86CE0E261180A5009D46B6 /* MCSettingViewController.m */,
			);
			path = MCSettingMode;
			sourceTree = "<group>";
		};
		AB86CDDD26117CB6009D46B6 /* MCHistoryMode */ = {
			isa = PBXGroup;
			children = (
				AB86CE13261180C1009D46B6 /* MCHSView.h */,
				AB86CE14261180C1009D46B6 /* MCHSView.m */,
			);
			path = MCHistoryMode;
			sourceTree = "<group>";
		};
		AB86CDDE26117CB6009D46B6 /* MCHomeMode */ = {
			isa = PBXGroup;
			children = (
				AB86CDF826117D84009D46B6 /* MCHomeViewController.h */,
				AB86CDF926117D84009D46B6 /* MCHomeViewController.m */,
				AB86CE0726117FEB009D46B6 /* MCHomeCollectionViewCell.h */,
				AB86CE0826117FEB009D46B6 /* MCHomeCollectionViewCell.m */,
			);
			path = MCHomeMode;
			sourceTree = "<group>";
		};
		AB86CDDF26117D28009D46B6 /* BaseVC */ = {
			isa = PBXGroup;
			children = (
				AB86CDEC26117D4E009D46B6 /* MCBaseViewController.h */,
				AB86CDED26117D4E009D46B6 /* MCBaseViewController.m */,
				AB86CDF226117D6E009D46B6 /* MCNavigationController.h */,
				AB86CDF326117D6E009D46B6 /* MCNavigationController.m */,
			);
			path = BaseVC;
			sourceTree = "<group>";
		};
/* End PBXGroup section */

/* Begin PBXNativeTarget section */
		AB86CD4B260EE0B6009D46B6 /* MiuCalculatorPro */ = {
			isa = PBXNativeTarget;
			buildConfigurationList = AB86CD7B260EE0B9009D46B6 /* Build configuration list for PBXNativeTarget "MiuCalculatorPro" */;
			buildPhases = (
				47C4F7029BEBADD7078A86FA /* [CP] Check Pods Manifest.lock */,
				AB86CD48260EE0B6009D46B6 /* Sources */,
				AB86CD49260EE0B6009D46B6 /* Frameworks */,
				AB86CD4A260EE0B6009D46B6 /* Resources */,
				7F4F9F865E565A430FC3829F /* [CP] Embed Pods Frameworks */,
			);
			buildRules = (
			);
			dependencies = (
			);
			name = MiuCalculatorPro;
			productName = MiuCalculatorPro;
			productReference = AB86CD4C260EE0B6009D46B6 /* MiuCalculatorPro.app */;
			productType = "com.apple.product-type.application";
		};
		AB86CD66260EE0B9009D46B6 /* MiuCalculatorProTests */ = {
			isa = PBXNativeTarget;
			buildConfigurationList = AB86CD7E260EE0B9009D46B6 /* Build configuration list for PBXNativeTarget "MiuCalculatorProTests" */;
			buildPhases = (
				BFBDE99CB13BDB0A3CF1252B /* [CP] Check Pods Manifest.lock */,
				AB86CD63260EE0B9009D46B6 /* Sources */,
				AB86CD64260EE0B9009D46B6 /* Frameworks */,
				AB86CD65260EE0B9009D46B6 /* Resources */,
			);
			buildRules = (
			);
			dependencies = (
				AB86CD69260EE0B9009D46B6 /* PBXTargetDependency */,
			);
			name = MiuCalculatorProTests;
			productName = MiuCalculatorProTests;
			productReference = AB86CD67260EE0B9009D46B6 /* MiuCalculatorProTests.xctest */;
			productType = "com.apple.product-type.bundle.unit-test";
		};
		AB86CD71260EE0B9009D46B6 /* MiuCalculatorProUITests */ = {
			isa = PBXNativeTarget;
			buildConfigurationList = AB86CD81260EE0B9009D46B6 /* Build configuration list for PBXNativeTarget "MiuCalculatorProUITests" */;
			buildPhases = (
				9763DDBE099860759D71687A /* [CP] Check Pods Manifest.lock */,
				AB86CD6E260EE0B9009D46B6 /* Sources */,
				AB86CD6F260EE0B9009D46B6 /* Frameworks */,
				AB86CD70260EE0B9009D46B6 /* Resources */,
				AD0F1F1E703523198BA188D8 /* [CP] Embed Pods Frameworks */,
			);
			buildRules = (
			);
			dependencies = (
				AB86CD74260EE0B9009D46B6 /* PBXTargetDependency */,
			);
			name = MiuCalculatorProUITests;
			productName = MiuCalculatorProUITests;
			productReference = AB86CD72260EE0B9009D46B6 /* MiuCalculatorProUITests.xctest */;
			productType = "com.apple.product-type.bundle.ui-testing";
		};
/* End PBXNativeTarget section */

/* Begin PBXProject section */
		AB86CD44260EE0B6009D46B6 /* Project object */ = {
			isa = PBXProject;
			attributes = {
				LastUpgradeCheck = 1200;
				TargetAttributes = {
					AB86CD4B260EE0B6009D46B6 = {
						CreatedOnToolsVersion = 12.0.1;
					};
					AB86CD66260EE0B9009D46B6 = {
						CreatedOnToolsVersion = 12.0.1;
						TestTargetID = AB86CD4B260EE0B6009D46B6;
					};
					AB86CD71260EE0B9009D46B6 = {
						CreatedOnToolsVersion = 12.0.1;
						TestTargetID = AB86CD4B260EE0B6009D46B6;
					};
				};
			};
			buildConfigurationList = AB86CD47260EE0B6009D46B6 /* Build configuration list for PBXProject "MiuCalculatorPro" */;
			compatibilityVersion = "Xcode 9.3";
			developmentRegion = en;
			hasScannedForEncodings = 0;
			knownRegions = (
				en,
				Base,
			);
			mainGroup = AB86CD43260EE0B6009D46B6;
			productRefGroup = AB86CD4D260EE0B6009D46B6 /* Products */;
			projectDirPath = "";
			projectRoot = "";
			targets = (
				AB86CD4B260EE0B6009D46B6 /* MiuCalculatorPro */,
				AB86CD66260EE0B9009D46B6 /* MiuCalculatorProTests */,
				AB86CD71260EE0B9009D46B6 /* MiuCalculatorProUITests */,
			);
		};
/* End PBXProject section */

/* Begin PBXResourcesBuildPhase section */
		AB86CD4A260EE0B6009D46B6 /* Resources */ = {
			isa = PBXResourcesBuildPhase;
			buildActionMask = 2147483647;
			files = (
				AB86CD5F260EE0B8009D46B6 /* LaunchScreen.storyboard in Resources */,
				AB86CD5C260EE0B8009D46B6 /* Assets.xcassets in Resources */,
				AB86CD5A260EE0B6009D46B6 /* Main.storyboard in Resources */,
			);
			runOnlyForDeploymentPostprocessing = 0;
		};
		AB86CD65260EE0B9009D46B6 /* Resources */ = {
			isa = PBXResourcesBuildPhase;
			buildActionMask = 2147483647;
			files = (
			);
			runOnlyForDeploymentPostprocessing = 0;
		};
		AB86CD70260EE0B9009D46B6 /* Resources */ = {
			isa = PBXResourcesBuildPhase;
			buildActionMask = 2147483647;
			files = (
			);
			runOnlyForDeploymentPostprocessing = 0;
		};
/* End PBXResourcesBuildPhase section */

/* Begin PBXShellScriptBuildPhase section */
		47C4F7029BEBADD7078A86FA /* [CP] Check Pods Manifest.lock */ = {
			isa = PBXShellScriptBuildPhase;
			buildActionMask = 2147483647;
			files = (
			);
			inputFileListPaths = (
			);
			inputPaths = (
				"${PODS_PODFILE_DIR_PATH}/Podfile.lock",
				"${PODS_ROOT}/Manifest.lock",
			);
			name = "[CP] Check Pods Manifest.lock";
			outputFileListPaths = (
			);
			outputPaths = (
				"$(DERIVED_FILE_DIR)/Pods-MiuCalculatorPro-checkManifestLockResult.txt",
			);
			runOnlyForDeploymentPostprocessing = 0;
			shellPath = /bin/sh;
			shellScript = "diff \"${PODS_PODFILE_DIR_PATH}/Podfile.lock\" \"${PODS_ROOT}/Manifest.lock\" > /dev/null\nif [ $? != 0 ] ; then\n    # print error to STDERR\n    echo \"error: The sandbox is not in sync with the Podfile.lock. Run 'pod install' or update your CocoaPods installation.\" >&2\n    exit 1\nfi\n# This output is used by Xcode 'outputs' to avoid re-running this script phase.\necho \"SUCCESS\" > \"${SCRIPT_OUTPUT_FILE_0}\"\n";
			showEnvVarsInLog = 0;
		};
		7F4F9F865E565A430FC3829F /* [CP] Embed Pods Frameworks */ = {
			isa = PBXShellScriptBuildPhase;
			buildActionMask = 2147483647;
			files = (
			);
			inputFileListPaths = (
				"${PODS_ROOT}/Target Support Files/Pods-MiuCalculatorPro/Pods-MiuCalculatorPro-frameworks-${CONFIGURATION}-input-files.xcfilelist",
			);
			name = "[CP] Embed Pods Frameworks";
			outputFileListPaths = (
				"${PODS_ROOT}/Target Support Files/Pods-MiuCalculatorPro/Pods-MiuCalculatorPro-frameworks-${CONFIGURATION}-output-files.xcfilelist",
			);
			runOnlyForDeploymentPostprocessing = 0;
			shellPath = /bin/sh;
			shellScript = "\"${PODS_ROOT}/Target Support Files/Pods-MiuCalculatorPro/Pods-MiuCalculatorPro-frameworks.sh\"\n";
			showEnvVarsInLog = 0;
		};
		9763DDBE099860759D71687A /* [CP] Check Pods Manifest.lock */ = {
			isa = PBXShellScriptBuildPhase;
			buildActionMask = 2147483647;
			files = (
			);
			inputFileListPaths = (
			);
			inputPaths = (
				"${PODS_PODFILE_DIR_PATH}/Podfile.lock",
				"${PODS_ROOT}/Manifest.lock",
			);
			name = "[CP] Check Pods Manifest.lock";
			outputFileListPaths = (
			);
			outputPaths = (
				"$(DERIVED_FILE_DIR)/Pods-MiuCalculatorPro-MiuCalculatorProUITests-checkManifestLockResult.txt",
			);
			runOnlyForDeploymentPostprocessing = 0;
			shellPath = /bin/sh;
			shellScript = "diff \"${PODS_PODFILE_DIR_PATH}/Podfile.lock\" \"${PODS_ROOT}/Manifest.lock\" > /dev/null\nif [ $? != 0 ] ; then\n    # print error to STDERR\n    echo \"error: The sandbox is not in sync with the Podfile.lock. Run 'pod install' or update your CocoaPods installation.\" >&2\n    exit 1\nfi\n# This output is used by Xcode 'outputs' to avoid re-running this script phase.\necho \"SUCCESS\" > \"${SCRIPT_OUTPUT_FILE_0}\"\n";
			showEnvVarsInLog = 0;
		};
		AD0F1F1E703523198BA188D8 /* [CP] Embed Pods Frameworks */ = {
			isa = PBXShellScriptBuildPhase;
			buildActionMask = 2147483647;
			files = (
			);
			inputFileListPaths = (
				"${PODS_ROOT}/Target Support Files/Pods-MiuCalculatorPro-MiuCalculatorProUITests/Pods-MiuCalculatorPro-MiuCalculatorProUITests-frameworks-${CONFIGURATION}-input-files.xcfilelist",
			);
			name = "[CP] Embed Pods Frameworks";
			outputFileListPaths = (
				"${PODS_ROOT}/Target Support Files/Pods-MiuCalculatorPro-MiuCalculatorProUITests/Pods-MiuCalculatorPro-MiuCalculatorProUITests-frameworks-${CONFIGURATION}-output-files.xcfilelist",
			);
			runOnlyForDeploymentPostprocessing = 0;
			shellPath = /bin/sh;
			shellScript = "\"${PODS_ROOT}/Target Support Files/Pods-MiuCalculatorPro-MiuCalculatorProUITests/Pods-MiuCalculatorPro-MiuCalculatorProUITests-frameworks.sh\"\n";
			showEnvVarsInLog = 0;
		};
		BFBDE99CB13BDB0A3CF1252B /* [CP] Check Pods Manifest.lock */ = {
			isa = PBXShellScriptBuildPhase;
			buildActionMask = 2147483647;
			files = (
			);
			inputFileListPaths = (
			);
			inputPaths = (
				"${PODS_PODFILE_DIR_PATH}/Podfile.lock",
				"${PODS_ROOT}/Manifest.lock",
			);
			name = "[CP] Check Pods Manifest.lock";
			outputFileListPaths = (
			);
			outputPaths = (
				"$(DERIVED_FILE_DIR)/Pods-MiuCalculatorProTests-checkManifestLockResult.txt",
			);
			runOnlyForDeploymentPostprocessing = 0;
			shellPath = /bin/sh;
			shellScript = "diff \"${PODS_PODFILE_DIR_PATH}/Podfile.lock\" \"${PODS_ROOT}/Manifest.lock\" > /dev/null\nif [ $? != 0 ] ; then\n    # print error to STDERR\n    echo \"error: The sandbox is not in sync with the Podfile.lock. Run 'pod install' or update your CocoaPods installation.\" >&2\n    exit 1\nfi\n# This output is used by Xcode 'outputs' to avoid re-running this script phase.\necho \"SUCCESS\" > \"${SCRIPT_OUTPUT_FILE_0}\"\n";
			showEnvVarsInLog = 0;
		};
/* End PBXShellScriptBuildPhase section */

/* Begin PBXSourcesBuildPhase section */
		AB86CD48260EE0B6009D46B6 /* Sources */ = {
			isa = PBXSourcesBuildPhase;
			buildActionMask = 2147483647;
			files = (
				AB86CE0326117F47009D46B6 /* UIImage+MCColorImage.m in Sources */,
				AB86CE0F261180A5009D46B6 /* MCSettingViewController.m in Sources */,
				AB86CD9C26116909009D46B6 /* AppDelegate.m in Sources */,
				AB86CD9A26116909009D46B6 /* ViewController.m in Sources */,
				AB86CDD226117A9B009D46B6 /* MCStack.m in Sources */,
				AB86CDC9261179CC009D46B6 /* NSDate+MCdate.m in Sources */,
				AB86CDB426116D8C009D46B6 /* MCAnimationManager.m in Sources */,
				AB86CDFA26117D84009D46B6 /* MCHomeViewController.m in Sources */,
				AB86CE0926117FEB009D46B6 /* MCHomeCollectionViewCell.m in Sources */,
				AB86CDEE26117D4E009D46B6 /* MCBaseViewController.m in Sources */,
				AB86CD9B26116909009D46B6 /* SceneDelegate.m in Sources */,
				AB86CE15261180C1009D46B6 /* MCHSView.m in Sources */,
				AB86CD62260EE0B8009D46B6 /* main.m in Sources */,
				AB86CDD826117B3A009D46B6 /* MCCalculatorObject.m in Sources */,
				AB86CDC3261178D0009D46B6 /* MCCalculatorManager.m in Sources */,
				AB86CDF426117D6E009D46B6 /* MCNavigationController.m in Sources */,
			);
			runOnlyForDeploymentPostprocessing = 0;
		};
		AB86CD63260EE0B9009D46B6 /* Sources */ = {
			isa = PBXSourcesBuildPhase;
			buildActionMask = 2147483647;
			files = (
				AB86CD6C260EE0B9009D46B6 /* MiuCalculatorProTests.m in Sources */,
			);
			runOnlyForDeploymentPostprocessing = 0;
		};
		AB86CD6E260EE0B9009D46B6 /* Sources */ = {
			isa = PBXSourcesBuildPhase;
			buildActionMask = 2147483647;
			files = (
				AB86CD77260EE0B9009D46B6 /* MiuCalculatorProUITests.m in Sources */,
			);
			runOnlyForDeploymentPostprocessing = 0;
		};
/* End PBXSourcesBuildPhase section */

/* Begin PBXTargetDependency section */
		AB86CD69260EE0B9009D46B6 /* PBXTargetDependency */ = {
			isa = PBXTargetDependency;
			target = AB86CD4B260EE0B6009D46B6 /* MiuCalculatorPro */;
			targetProxy = AB86CD68260EE0B9009D46B6 /* PBXContainerItemProxy */;
		};
		AB86CD74260EE0B9009D46B6 /* PBXTargetDependency */ = {
			isa = PBXTargetDependency;
			target = AB86CD4B260EE0B6009D46B6 /* MiuCalculatorPro */;
			targetProxy = AB86CD73260EE0B9009D46B6 /* PBXContainerItemProxy */;
		};
/* End PBXTargetDependency section */

/* Begin PBXVariantGroup section */
		AB86CD58260EE0B6009D46B6 /* Main.storyboard */ = {
			isa = PBXVariantGroup;
			children = (
				AB86CD59260EE0B6009D46B6 /* Base */,
			);
			name = Main.storyboard;
			sourceTree = "<group>";
		};
		AB86CD5D260EE0B8009D46B6 /* LaunchScreen.storyboard */ = {
			isa = PBXVariantGroup;
			children = (
				AB86CD5E260EE0B8009D46B6 /* Base */,
			);
			name = LaunchScreen.storyboard;
			sourceTree = "<group>";
		};
/* End PBXVariantGroup section */

/* Begin XCBuildConfiguration section */
		AB86CD79260EE0B9009D46B6 /* Debug */ = {
			isa = XCBuildConfiguration;
			buildSettings = {
				ALWAYS_SEARCH_USER_PATHS = NO;
				CLANG_ANALYZER_NONNULL = YES;
				CLANG_ANALYZER_NUMBER_OBJECT_CONVERSION = YES_AGGRESSIVE;
				CLANG_CXX_LANGUAGE_STANDARD = "gnu++14";
				CLANG_CXX_LIBRARY = "libc++";
				CLANG_ENABLE_MODULES = YES;
				CLANG_ENABLE_OBJC_ARC = YES;
				CLANG_ENABLE_OBJC_WEAK = YES;
				CLANG_WARN_BLOCK_CAPTURE_AUTORELEASING = YES;
				CLANG_WARN_BOOL_CONVERSION = YES;
				CLANG_WARN_COMMA = YES;
				CLANG_WARN_CONSTANT_CONVERSION = YES;
				CLANG_WARN_DEPRECATED_OBJC_IMPLEMENTATIONS = YES;
				CLANG_WARN_DIRECT_OBJC_ISA_USAGE = YES_ERROR;
				CLANG_WARN_DOCUMENTATION_COMMENTS = YES;
				CLANG_WARN_EMPTY_BODY = YES;
				CLANG_WARN_ENUM_CONVERSION = YES;
				CLANG_WARN_INFINITE_RECURSION = YES;
				CLANG_WARN_INT_CONVERSION = YES;
				CLANG_WARN_NON_LITERAL_NULL_CONVERSION = YES;
				CLANG_WARN_OBJC_IMPLICIT_RETAIN_SELF = YES;
				CLANG_WARN_OBJC_LITERAL_CONVERSION = YES;
				CLANG_WARN_OBJC_ROOT_CLASS = YES_ERROR;
				CLANG_WARN_QUOTED_INCLUDE_IN_FRAMEWORK_HEADER = YES;
				CLANG_WARN_RANGE_LOOP_ANALYSIS = YES;
				CLANG_WARN_STRICT_PROTOTYPES = YES;
				CLANG_WARN_SUSPICIOUS_MOVE = YES;
				CLANG_WARN_UNGUARDED_AVAILABILITY = YES_AGGRESSIVE;
				CLANG_WARN_UNREACHABLE_CODE = YES;
				CLANG_WARN__DUPLICATE_METHOD_MATCH = YES;
				COPY_PHASE_STRIP = NO;
				DEBUG_INFORMATION_FORMAT = dwarf;
				ENABLE_STRICT_OBJC_MSGSEND = YES;
				ENABLE_TESTABILITY = YES;
				GCC_C_LANGUAGE_STANDARD = gnu11;
				GCC_DYNAMIC_NO_PIC = NO;
				GCC_NO_COMMON_BLOCKS = YES;
				GCC_OPTIMIZATION_LEVEL = 0;
				GCC_PREPROCESSOR_DEFINITIONS = (
					"DEBUG=1",
					"$(inherited)",
				);
				GCC_WARN_64_TO_32_BIT_CONVERSION = YES;
				GCC_WARN_ABOUT_RETURN_TYPE = YES_ERROR;
				GCC_WARN_UNDECLARED_SELECTOR = YES;
				GCC_WARN_UNINITIALIZED_AUTOS = YES_AGGRESSIVE;
				GCC_WARN_UNUSED_FUNCTION = YES;
				GCC_WARN_UNUSED_VARIABLE = YES;
				IPHONEOS_DEPLOYMENT_TARGET = 14.0;
				MTL_ENABLE_DEBUG_INFO = INCLUDE_SOURCE;
				MTL_FAST_MATH = YES;
				ONLY_ACTIVE_ARCH = YES;
				SDKROOT = iphoneos;
			};
			name = Debug;
		};
		AB86CD7A260EE0B9009D46B6 /* Release */ = {
			isa = XCBuildConfiguration;
			buildSettings = {
				ALWAYS_SEARCH_USER_PATHS = NO;
				CLANG_ANALYZER_NONNULL = YES;
				CLANG_ANALYZER_NUMBER_OBJECT_CONVERSION = YES_AGGRESSIVE;
				CLANG_CXX_LANGUAGE_STANDARD = "gnu++14";
				CLANG_CXX_LIBRARY = "libc++";
				CLANG_ENABLE_MODULES = YES;
				CLANG_ENABLE_OBJC_ARC = YES;
				CLANG_ENABLE_OBJC_WEAK = YES;
				CLANG_WARN_BLOCK_CAPTURE_AUTORELEASING = YES;
				CLANG_WARN_BOOL_CONVERSION = YES;
				CLANG_WARN_COMMA = YES;
				CLANG_WARN_CONSTANT_CONVERSION = YES;
				CLANG_WARN_DEPRECATED_OBJC_IMPLEMENTATIONS = YES;
				CLANG_WARN_DIRECT_OBJC_ISA_USAGE = YES_ERROR;
				CLANG_WARN_DOCUMENTATION_COMMENTS = YES;
				CLANG_WARN_EMPTY_BODY = YES;
				CLANG_WARN_ENUM_CONVERSION = YES;
				CLANG_WARN_INFINITE_RECURSION = YES;
				CLANG_WARN_INT_CONVERSION = YES;
				CLANG_WARN_NON_LITERAL_NULL_CONVERSION = YES;
				CLANG_WARN_OBJC_IMPLICIT_RETAIN_SELF = YES;
				CLANG_WARN_OBJC_LITERAL_CONVERSION = YES;
				CLANG_WARN_OBJC_ROOT_CLASS = YES_ERROR;
				CLANG_WARN_QUOTED_INCLUDE_IN_FRAMEWORK_HEADER = YES;
				CLANG_WARN_RANGE_LOOP_ANALYSIS = YES;
				CLANG_WARN_STRICT_PROTOTYPES = YES;
				CLANG_WARN_SUSPICIOUS_MOVE = YES;
				CLANG_WARN_UNGUARDED_AVAILABILITY = YES_AGGRESSIVE;
				CLANG_WARN_UNREACHABLE_CODE = YES;
				CLANG_WARN__DUPLICATE_METHOD_MATCH = YES;
				COPY_PHASE_STRIP = NO;
				DEBUG_INFORMATION_FORMAT = "dwarf-with-dsym";
				ENABLE_NS_ASSERTIONS = NO;
				ENABLE_STRICT_OBJC_MSGSEND = YES;
				GCC_C_LANGUAGE_STANDARD = gnu11;
				GCC_NO_COMMON_BLOCKS = YES;
				GCC_WARN_64_TO_32_BIT_CONVERSION = YES;
				GCC_WARN_ABOUT_RETURN_TYPE = YES_ERROR;
				GCC_WARN_UNDECLARED_SELECTOR = YES;
				GCC_WARN_UNINITIALIZED_AUTOS = YES_AGGRESSIVE;
				GCC_WARN_UNUSED_FUNCTION = YES;
				GCC_WARN_UNUSED_VARIABLE = YES;
				IPHONEOS_DEPLOYMENT_TARGET = 14.0;
				MTL_ENABLE_DEBUG_INFO = NO;
				MTL_FAST_MATH = YES;
				SDKROOT = iphoneos;
				VALIDATE_PRODUCT = YES;
			};
			name = Release;
		};
		AB86CD7C260EE0B9009D46B6 /* Debug */ = {
			isa = XCBuildConfiguration;
			baseConfigurationReference = 1F63C3B53BDA1167C9411B49 /* Pods-MiuCalculatorPro.debug.xcconfig */;
			buildSettings = {
				ASSETCATALOG_COMPILER_APPICON_NAME = AppIcon;
				ASSETCATALOG_COMPILER_GLOBAL_ACCENT_COLOR_NAME = AccentColor;
				CODE_SIGN_STYLE = Automatic;
				DEVELOPMENT_TEAM = J69V6VXM9A;
				GCC_PRECOMPILE_PREFIX_HEADER = YES;
				GCC_PREFIX_HEADER = "$(SRCROOT)/MiuCalculatorPro/other/PrefixHeader.pch";
				INFOPLIST_FILE = MiuCalculatorPro/Info.plist;
				LD_RUNPATH_SEARCH_PATHS = (
					"$(inherited)",
					"@executable_path/Frameworks",
				);
				PRODUCT_BUNDLE_IDENTIFIER = com.ASKeepBookflu.www.MiuCalculatorPro;
				PRODUCT_NAME = "$(TARGET_NAME)";
				TARGETED_DEVICE_FAMILY = 1;
			};
			name = Debug;
		};
		AB86CD7D260EE0B9009D46B6 /* Release */ = {
			isa = XCBuildConfiguration;
			baseConfigurationReference = 787CF7A25D538DC56B64A6D2 /* Pods-MiuCalculatorPro.release.xcconfig */;
			buildSettings = {
				ASSETCATALOG_COMPILER_APPICON_NAME = AppIcon;
				ASSETCATALOG_COMPILER_GLOBAL_ACCENT_COLOR_NAME = AccentColor;
				CODE_SIGN_STYLE = Automatic;
				DEVELOPMENT_TEAM = J69V6VXM9A;
				GCC_PRECOMPILE_PREFIX_HEADER = YES;
				GCC_PREFIX_HEADER = "$(SRCROOT)/MiuCalculatorPro/other/PrefixHeader.pch";
				INFOPLIST_FILE = MiuCalculatorPro/Info.plist;
				LD_RUNPATH_SEARCH_PATHS = (
					"$(inherited)",
					"@executable_path/Frameworks",
				);
				PRODUCT_BUNDLE_IDENTIFIER = com.ASKeepBookflu.www.MiuCalculatorPro;
				PRODUCT_NAME = "$(TARGET_NAME)";
				TARGETED_DEVICE_FAMILY = 1;
			};
			name = Release;
		};
		AB86CD7F260EE0B9009D46B6 /* Debug */ = {
			isa = XCBuildConfiguration;
			baseConfigurationReference = C09A28EDDBABB42294EFAB75 /* Pods-MiuCalculatorProTests.debug.xcconfig */;
			buildSettings = {
				BUNDLE_LOADER = "$(TEST_HOST)";
				CODE_SIGN_STYLE = Automatic;
				DEVELOPMENT_TEAM = J69V6VXM9A;
				INFOPLIST_FILE = MiuCalculatorProTests/Info.plist;
				IPHONEOS_DEPLOYMENT_TARGET = 14.0;
				LD_RUNPATH_SEARCH_PATHS = (
					"$(inherited)",
					"@executable_path/Frameworks",
					"@loader_path/Frameworks",
				);
				PRODUCT_BUNDLE_IDENTIFIER = com.ASKeepBookflu.www.MiuCalculatorProTests;
				PRODUCT_NAME = "$(TARGET_NAME)";
				TARGETED_DEVICE_FAMILY = "1,2";
				TEST_HOST = "$(BUILT_PRODUCTS_DIR)/MiuCalculatorPro.app/MiuCalculatorPro";
			};
			name = Debug;
		};
		AB86CD80260EE0B9009D46B6 /* Release */ = {
			isa = XCBuildConfiguration;
			baseConfigurationReference = 5D3FBE2FB3C69851888B5AD3 /* Pods-MiuCalculatorProTests.release.xcconfig */;
			buildSettings = {
				BUNDLE_LOADER = "$(TEST_HOST)";
				CODE_SIGN_STYLE = Automatic;
				DEVELOPMENT_TEAM = J69V6VXM9A;
				INFOPLIST_FILE = MiuCalculatorProTests/Info.plist;
				IPHONEOS_DEPLOYMENT_TARGET = 14.0;
				LD_RUNPATH_SEARCH_PATHS = (
					"$(inherited)",
					"@executable_path/Frameworks",
					"@loader_path/Frameworks",
				);
				PRODUCT_BUNDLE_IDENTIFIER = com.ASKeepBookflu.www.MiuCalculatorProTests;
				PRODUCT_NAME = "$(TARGET_NAME)";
				TARGETED_DEVICE_FAMILY = "1,2";
				TEST_HOST = "$(BUILT_PRODUCTS_DIR)/MiuCalculatorPro.app/MiuCalculatorPro";
			};
			name = Release;
		};
		AB86CD82260EE0B9009D46B6 /* Debug */ = {
			isa = XCBuildConfiguration;
			baseConfigurationReference = 0BA587152D6E8147204E5473 /* Pods-MiuCalculatorPro-MiuCalculatorProUITests.debug.xcconfig */;
			buildSettings = {
				CODE_SIGN_STYLE = Automatic;
				DEVELOPMENT_TEAM = J69V6VXM9A;
				INFOPLIST_FILE = MiuCalculatorProUITests/Info.plist;
				LD_RUNPATH_SEARCH_PATHS = (
					"$(inherited)",
					"@executable_path/Frameworks",
					"@loader_path/Frameworks",
				);
				PRODUCT_BUNDLE_IDENTIFIER = com.ASKeepBookflu.www.MiuCalculatorProUITests;
				PRODUCT_NAME = "$(TARGET_NAME)";
				TARGETED_DEVICE_FAMILY = "1,2";
				TEST_TARGET_NAME = MiuCalculatorPro;
			};
			name = Debug;
		};
		AB86CD83260EE0B9009D46B6 /* Release */ = {
			isa = XCBuildConfiguration;
			baseConfigurationReference = 5734BB63E43579DA1BF915AD /* Pods-MiuCalculatorPro-MiuCalculatorProUITests.release.xcconfig */;
			buildSettings = {
				CODE_SIGN_STYLE = Automatic;
				DEVELOPMENT_TEAM = J69V6VXM9A;
				INFOPLIST_FILE = MiuCalculatorProUITests/Info.plist;
				LD_RUNPATH_SEARCH_PATHS = (
					"$(inherited)",
					"@executable_path/Frameworks",
					"@loader_path/Frameworks",
				);
				PRODUCT_BUNDLE_IDENTIFIER = com.ASKeepBookflu.www.MiuCalculatorProUITests;
				PRODUCT_NAME = "$(TARGET_NAME)";
				TARGETED_DEVICE_FAMILY = "1,2";
				TEST_TARGET_NAME = MiuCalculatorPro;
			};
			name = Release;
		};
/* End XCBuildConfiguration section */

/* Begin XCConfigurationList section */
		AB86CD47260EE0B6009D46B6 /* Build configuration list for PBXProject "MiuCalculatorPro" */ = {
			isa = XCConfigurationList;
			buildConfigurations = (
				AB86CD79260EE0B9009D46B6 /* Debug */,
				AB86CD7A260EE0B9009D46B6 /* Release */,
			);
			defaultConfigurationIsVisible = 0;
			defaultConfigurationName = Release;
		};
		AB86CD7B260EE0B9009D46B6 /* Build configuration list for PBXNativeTarget "MiuCalculatorPro" */ = {
			isa = XCConfigurationList;
			buildConfigurations = (
				AB86CD7C260EE0B9009D46B6 /* Debug */,
				AB86CD7D260EE0B9009D46B6 /* Release */,
			);
			defaultConfigurationIsVisible = 0;
			defaultConfigurationName = Release;
		};
		AB86CD7E260EE0B9009D46B6 /* Build configuration list for PBXNativeTarget "MiuCalculatorProTests" */ = {
			isa = XCConfigurationList;
			buildConfigurations = (
				AB86CD7F260EE0B9009D46B6 /* Debug */,
				AB86CD80260EE0B9009D46B6 /* Release */,
			);
			defaultConfigurationIsVisible = 0;
			defaultConfigurationName = Release;
		};
		AB86CD81260EE0B9009D46B6 /* Build configuration list for PBXNativeTarget "MiuCalculatorProUITests" */ = {
			isa = XCConfigurationList;
			buildConfigurations = (
				AB86CD82260EE0B9009D46B6 /* Debug */,
				AB86CD83260EE0B9009D46B6 /* Release */,
			);
			defaultConfigurationIsVisible = 0;
			defaultConfigurationName = Release;
		};
/* End XCConfigurationList section */
	};
	rootObject = AB86CD44260EE0B6009D46B6 /* Project object */;
}
